
Microsoft Visual Studio Solution File, Format Version 12.00
# Visual Studio Version 16
VisualStudioVersion = 16.0.29519.87
MinimumVisualStudioVersion = 10.0.40219.1
Project("{9A19103F-16F7-4668-BE54-9A1E7A4F7556}") = "DevSkill.SSLCommerz.Core", "DevSkill.SSLCommerz.Core\DevSkill.SSLCommerz.Core.csproj", "{0FE9A1BE-2591-42DD-9980-066042C264CF}"
EndProject
Project("{2150E333-8FDC-42A3-9474-1A3956D46DE8}") = "Solution Items", "Solution Items", "{05100B0E-1888-49CD-B75B-0F06AC6A8349}"
	ProjectSection(SolutionItems) = preProject
		switcher.json = switcher.json
	EndProjectSection
EndProject
Global
	GlobalSection(SolutionConfigurationPlatforms) = preSolution
		Debug|Any CPU = Debug|Any CPU
		Release|Any CPU = Release|Any CPU
	EndGlobalSection
	GlobalSection(ProjectConfigurationPlatforms) = postSolution
		{0FE9A1BE-2591-42DD-9980-066042C264CF}.Debug|Any CPU.ActiveCfg = Debug|Any CPU
		{0FE9A1BE-2591-42DD-9980-066042C264CF}.Debug|Any CPU.Build.0 = Debug|Any CPU
		{0FE9A1BE-2591-42DD-9980-066042C264CF}.Release|Any CPU.ActiveCfg = Release|Any CPU
		{0FE9A1BE-2591-42DD-9980-066042C264CF}.Release|Any CPU.Build.0 = Release|Any CPU
	EndGlobalSection
	GlobalSection(SolutionProperties) = preSolution
		HideSolutionNode = FALSE
	EndGlobalSection
	GlobalSection(ExtensibilityGlobals) = postSolution
		SolutionGuid = {7216E22F-0D2B-43C8-958A-6475216122F4}
	EndGlobalSection
EndGlobal
